
Microsoft Visual Studio Solution File, Format Version 12.00
# Visual Studio Version 16
VisualStudioVersion = 16.0.30907.101
MinimumVisualStudioVersion = 10.0.40219.1
Project("{9A19103F-16F7-4668-BE54-9A1E7A4F7556}") = "BlazQ.Episode7", "BlazQ.Episode7\BlazQ.Episode7.csproj", "{E117CFEB-1D8A-4A6C-A753-EDAD576DE01B}"
EndProject
Project("{FAE04EC0-301F-11D3-BF4B-00C04F79EFBC}") = "BlazQ.MultiplayerServer", "BlazQ.MultiplayerServer\BlazQ.MultiplayerServer.csproj", "{8C1E47D2-9E61-42D3-9A3D-797DBCD3AA90}"
EndProject
Project("{FAE04EC0-301F-11D3-BF4B-00C04F79EFBC}") = "BlazQ.Shared", "BlazQ.Shared\BlazQ.Shared.csproj", "{A3E711F9-366C-4DE0-80A0-51061293CBE0}"
EndProject
Global
	GlobalSection(SolutionConfigurationPlatforms) = preSolution
		Debug|Any CPU = Debug|Any CPU
		Release|Any CPU = Release|Any CPU
	EndGlobalSection
	GlobalSection(ProjectConfigurationPlatforms) = postSolution
		{E117CFEB-1D8A-4A6C-A753-EDAD576DE01B}.Debug|Any CPU.ActiveCfg = Debug|Any CPU
		{E117CFEB-1D8A-4A6C-A753-EDAD576DE01B}.Debug|Any CPU.Build.0 = Debug|Any CPU
		{E117CFEB-1D8A-4A6C-A753-EDAD576DE01B}.Release|Any CPU.ActiveCfg = Release|Any CPU
		{E117CFEB-1D8A-4A6C-A753-EDAD576DE01B}.Release|Any CPU.Build.0 = Release|Any CPU
		{C171CCA8-E584-418C-987B-524D1CE14D92}.Debug|Any CPU.ActiveCfg = Debug|Any CPU
		{C171CCA8-E584-418C-987B-524D1CE14D92}.Debug|Any CPU.Build.0 = Debug|Any CPU
		{C171CCA8-E584-418C-987B-524D1CE14D92}.Release|Any CPU.ActiveCfg = Release|Any CPU
		{C171CCA8-E584-418C-987B-524D1CE14D92}.Release|Any CPU.Build.0 = Release|Any CPU
		{8C1E47D2-9E61-42D3-9A3D-797DBCD3AA90}.Debug|Any CPU.ActiveCfg = Debug|Any CPU
		{8C1E47D2-9E61-42D3-9A3D-797DBCD3AA90}.Debug|Any CPU.Build.0 = Debug|Any CPU
		{8C1E47D2-9E61-42D3-9A3D-797DBCD3AA90}.Release|Any CPU.ActiveCfg = Release|Any CPU
		{8C1E47D2-9E61-42D3-9A3D-797DBCD3AA90}.Release|Any CPU.Build.0 = Release|Any CPU
		{A3E711F9-366C-4DE0-80A0-51061293CBE0}.Debug|Any CPU.ActiveCfg = Debug|Any CPU
		{A3E711F9-366C-4DE0-80A0-51061293CBE0}.Debug|Any CPU.Build.0 = Debug|Any CPU
		{A3E711F9-366C-4DE0-80A0-51061293CBE0}.Release|Any CPU.ActiveCfg = Release|Any CPU
		{A3E711F9-366C-4DE0-80A0-51061293CBE0}.Release|Any CPU.Build.0 = Release|Any CPU
	EndGlobalSection
	GlobalSection(SolutionProperties) = preSolution
		HideSolutionNode = FALSE
	EndGlobalSection
	GlobalSection(ExtensibilityGlobals) = postSolution
		SolutionGuid = {F6E4DA78-A8BF-4251-BE0A-04030F55862B}
	EndGlobalSection
EndGlobal
